// !$*UTF8*$!
{
	archiveVersion = 1;
	classes = {
	};
	objectVersion = 55;
	objects = {

/* Begin PBXBuildFile section */
		179AF90E2A0DC2BC00FA41F3 /* Launch Screen.storyboard in Resources */ = {isa = PBXBuildFile; fileRef = 179AF90D2A0DC2BC00FA41F3 /* Launch Screen.storyboard */; };
		17BE9C332A0950DC0062B6EA /* AppDelegate.swift in Sources */ = {isa = PBXBuildFile; fileRef = 17BE9C322A0950DC0062B6EA /* AppDelegate.swift */; };
		17BE9C352A0950DC0062B6EA /* SceneDelegate.swift in Sources */ = {isa = PBXBuildFile; fileRef = 17BE9C342A0950DC0062B6EA /* SceneDelegate.swift */; };
		17BE9C372A0950DC0062B6EA /* LaunchScreenViewController.swift in Sources */ = {isa = PBXBuildFile; fileRef = 17BE9C362A0950DC0062B6EA /* LaunchScreenViewController.swift */; };
		17BE9C3C2A0950E50062B6EA /* Assets.xcassets in Resources */ = {isa = PBXBuildFile; fileRef = 17BE9C3B2A0950E50062B6EA /* Assets.xcassets */; };
		17BE9C4B2A09578B0062B6EA /* Resources.swift in Sources */ = {isa = PBXBuildFile; fileRef = 17BE9C4A2A09578B0062B6EA /* Resources.swift */; };
		573CCA3C2A1255DA00578C37 /* CategoriesOnboardingVC.swift in Sources */ = {isa = PBXBuildFile; fileRef = 573CCA3B2A1255DA00578C37 /* CategoriesOnboardingVC.swift */; };
		578757462A09659400AC49F3 /* OnboardingViewController.swift in Sources */ = {isa = PBXBuildFile; fileRef = 578757452A09659400AC49F3 /* OnboardingViewController.swift */; };
		578757592A0AAFB900AC49F3 /* Localizable.strings in Resources */ = {isa = PBXBuildFile; fileRef = 5787575B2A0AAFB900AC49F3 /* Localizable.strings */; };
		5787575E2A0AB01900AC49F3 /* LocalizeExtension.swift in Sources */ = {isa = PBXBuildFile; fileRef = 5787575D2A0AB01900AC49F3 /* LocalizeExtension.swift */; };
		578757632A0AD82B00AC49F3 /* LanguageViewController.swift in Sources */ = {isa = PBXBuildFile; fileRef = 578757622A0AD82B00AC49F3 /* LanguageViewController.swift */; };
		578757662A0AEBD800AC49F3 /* BookmarksViewController.swift in Sources */ = {isa = PBXBuildFile; fileRef = 578757652A0AEBD800AC49F3 /* BookmarksViewController.swift */; };
		57BEFBBD2A0BF51D0073C090 /* TabBar.swift in Sources */ = {isa = PBXBuildFile; fileRef = 57BEFBBC2A0BF51D0073C090 /* TabBar.swift */; };
		57BEFC102A111B110073C090 /* CategoriesOnCell.swift in Sources */ = {isa = PBXBuildFile; fileRef = 57BEFC0C2A111B110073C090 /* CategoriesOnCell.swift */; };
		57BEFC112A111B110073C090 /* CategoriesManager.swift in Sources */ = {isa = PBXBuildFile; fileRef = 57BEFC0D2A111B110073C090 /* CategoriesManager.swift */; };
		57BEFC122A111B110073C090 /* CategoriesVC.swift in Sources */ = {isa = PBXBuildFile; fileRef = 57BEFC0E2A111B110073C090 /* CategoriesVC.swift */; };
		57BEFC132A111B110073C090 /* CategoriesOnboardingCollection.swift in Sources */ = {isa = PBXBuildFile; fileRef = 57BEFC0F2A111B110073C090 /* CategoriesOnboardingCollection.swift */; };
		68E25F862A0B7E5E002163B3 /* DetailedViewController.swift in Sources */ = {isa = PBXBuildFile; fileRef = 68E25F852A0B7E5E002163B3 /* DetailedViewController.swift */; };
		68E25F8D2A0BBA2F002163B3 /* Message.swift in Sources */ = {isa = PBXBuildFile; fileRef = 68E25F8C2A0BBA2F002163B3 /* Message.swift */; };
		8717983A2A097999003921BF /* RequestsManager.swift in Sources */ = {isa = PBXBuildFile; fileRef = 871798382A097999003921BF /* RequestsManager.swift */; };
		8717983B2A097999003921BF /* API.swift in Sources */ = {isa = PBXBuildFile; fileRef = 871798392A097999003921BF /* API.swift */; };
		8717983D2A0979A5003921BF /* NewsModel.swift in Sources */ = {isa = PBXBuildFile; fileRef = 8717983C2A0979A5003921BF /* NewsModel.swift */; };
		871798522A097A36003921BF /* Kingfisher in Frameworks */ = {isa = PBXBuildFile; productRef = 871798512A097A36003921BF /* Kingfisher */; };
		871798552A097A50003921BF /* SnapKit in Frameworks */ = {isa = PBXBuildFile; productRef = 871798542A097A50003921BF /* SnapKit */; };
		872963952A1125D10087DB55 /* BookmarksManager.swift in Sources */ = {isa = PBXBuildFile; fileRef = 872963942A1125D10087DB55 /* BookmarksManager.swift */; };
		87679D602A0B6958007BC7C7 /* CategoryCell.swift in Sources */ = {isa = PBXBuildFile; fileRef = 87679D582A0B6958007BC7C7 /* CategoryCell.swift */; };
		87679D612A0B6958007BC7C7 /* NewsCell.swift in Sources */ = {isa = PBXBuildFile; fileRef = 87679D592A0B6958007BC7C7 /* NewsCell.swift */; };
		87679D622A0B6958007BC7C7 /* RecommendedCell.swift in Sources */ = {isa = PBXBuildFile; fileRef = 87679D5A2A0B6958007BC7C7 /* RecommendedCell.swift */; };
		87679D632A0B6958007BC7C7 /* MiddleCollectionView.swift in Sources */ = {isa = PBXBuildFile; fileRef = 87679D5B2A0B6958007BC7C7 /* MiddleCollectionView.swift */; };
		87679D642A0B6958007BC7C7 /* RecommendedTableView.swift in Sources */ = {isa = PBXBuildFile; fileRef = 87679D5C2A0B6958007BC7C7 /* RecommendedTableView.swift */; };
		87679D652A0B6958007BC7C7 /* HomeViewController.swift in Sources */ = {isa = PBXBuildFile; fileRef = 87679D5D2A0B6958007BC7C7 /* HomeViewController.swift */; };
		87679D662A0B6958007BC7C7 /* SearchTextField.swift in Sources */ = {isa = PBXBuildFile; fileRef = 87679D5E2A0B6958007BC7C7 /* SearchTextField.swift */; };
		87679D672A0B6958007BC7C7 /* CategoriesCollection.swift in Sources */ = {isa = PBXBuildFile; fileRef = 87679D5F2A0B6958007BC7C7 /* CategoriesCollection.swift */; };
		87679D692A0BA044007BC7C7 /* BookmarksView.swift in Sources */ = {isa = PBXBuildFile; fileRef = 87679D682A0BA044007BC7C7 /* BookmarksView.swift */; };
		87679D6C2A0BAFC0007BC7C7 /* RecommendedViewController.swift in Sources */ = {isa = PBXBuildFile; fileRef = 87679D6B2A0BAFC0007BC7C7 /* RecommendedViewController.swift */; };
		EC7D696D2A0A5ADB00A502CE /* TermsConditions.swift in Sources */ = {isa = PBXBuildFile; fileRef = EC7D696C2A0A5ADB00A502CE /* TermsConditions.swift */; };
		EC7D696F2A0A5B0F00A502CE /* ConditionsModel.swift in Sources */ = {isa = PBXBuildFile; fileRef = EC7D696E2A0A5B0F00A502CE /* ConditionsModel.swift */; };
		ECBE7D922A13D78E00713FBD /* GoogleService-Info.plist in Resources */ = {isa = PBXBuildFile; fileRef = ECBE7D912A13D78E00713FBD /* GoogleService-Info.plist */; };
		ECBE7D942A13D7F200713FBD /* AuthenticationManager.swift in Sources */ = {isa = PBXBuildFile; fileRef = ECBE7D932A13D7F200713FBD /* AuthenticationManager.swift */; };
		ECBE7D9A2A13D9D700713FBD /* FirebaseAnalytics in Frameworks */ = {isa = PBXBuildFile; productRef = ECBE7D992A13D9D700713FBD /* FirebaseAnalytics */; };
		ECBE7D9C2A13D9D700713FBD /* FirebaseAnalyticsOnDeviceConversion in Frameworks */ = {isa = PBXBuildFile; productRef = ECBE7D9B2A13D9D700713FBD /* FirebaseAnalyticsOnDeviceConversion */; };
		ECBE7D9E2A13D9D700713FBD /* FirebaseAnalyticsSwift in Frameworks */ = {isa = PBXBuildFile; productRef = ECBE7D9D2A13D9D700713FBD /* FirebaseAnalyticsSwift */; };
		ECBE7DA02A13D9D700713FBD /* FirebaseAnalyticsWithoutAdIdSupport in Frameworks */ = {isa = PBXBuildFile; productRef = ECBE7D9F2A13D9D700713FBD /* FirebaseAnalyticsWithoutAdIdSupport */; };
		ECBE7DA22A13D9D700713FBD /* FirebaseAppCheck in Frameworks */ = {isa = PBXBuildFile; productRef = ECBE7DA12A13D9D700713FBD /* FirebaseAppCheck */; };
		ECBE7DA42A13D9D700713FBD /* FirebaseAppDistribution-Beta in Frameworks */ = {isa = PBXBuildFile; productRef = ECBE7DA32A13D9D700713FBD /* FirebaseAppDistribution-Beta */; };
		ECBE7DA62A13D9D700713FBD /* FirebaseAuth in Frameworks */ = {isa = PBXBuildFile; productRef = ECBE7DA52A13D9D700713FBD /* FirebaseAuth */; };
		ECBE7DA82A13D9D700713FBD /* FirebaseAuthCombine-Community in Frameworks */ = {isa = PBXBuildFile; productRef = ECBE7DA72A13D9D700713FBD /* FirebaseAuthCombine-Community */; };
		ECBE7DAA2A13D9D700713FBD /* FirebaseCrashlytics in Frameworks */ = {isa = PBXBuildFile; productRef = ECBE7DA92A13D9D700713FBD /* FirebaseCrashlytics */; };
		ECBE7DAC2A13D9D700713FBD /* FirebaseDatabase in Frameworks */ = {isa = PBXBuildFile; productRef = ECBE7DAB2A13D9D700713FBD /* FirebaseDatabase */; };
		ECBE7DAE2A13D9D700713FBD /* FirebaseDatabaseSwift in Frameworks */ = {isa = PBXBuildFile; productRef = ECBE7DAD2A13D9D700713FBD /* FirebaseDatabaseSwift */; };
		ECBE7DB02A13D9D700713FBD /* FirebaseDynamicLinks in Frameworks */ = {isa = PBXBuildFile; productRef = ECBE7DAF2A13D9D700713FBD /* FirebaseDynamicLinks */; };
		ECBE7DB22A13D9D700713FBD /* FirebaseFirestore in Frameworks */ = {isa = PBXBuildFile; productRef = ECBE7DB12A13D9D700713FBD /* FirebaseFirestore */; };
		ECBE7DB42A13D9D700713FBD /* FirebaseFirestoreCombine-Community in Frameworks */ = {isa = PBXBuildFile; productRef = ECBE7DB32A13D9D700713FBD /* FirebaseFirestoreCombine-Community */; };
		ECBE7DB62A13D9D700713FBD /* FirebaseFirestoreSwift in Frameworks */ = {isa = PBXBuildFile; productRef = ECBE7DB52A13D9D700713FBD /* FirebaseFirestoreSwift */; };
		ECBE7DB82A13D9D700713FBD /* FirebaseFunctions in Frameworks */ = {isa = PBXBuildFile; productRef = ECBE7DB72A13D9D700713FBD /* FirebaseFunctions */; };
		ECBE7DBA2A13D9D700713FBD /* FirebaseFunctionsCombine-Community in Frameworks */ = {isa = PBXBuildFile; productRef = ECBE7DB92A13D9D700713FBD /* FirebaseFunctionsCombine-Community */; };
		ECBE7DBC2A13D9D700713FBD /* FirebaseInAppMessaging-Beta in Frameworks */ = {isa = PBXBuildFile; productRef = ECBE7DBB2A13D9D700713FBD /* FirebaseInAppMessaging-Beta */; };
		ECBE7DBE2A13D9D700713FBD /* FirebaseInAppMessagingSwift-Beta in Frameworks */ = {isa = PBXBuildFile; productRef = ECBE7DBD2A13D9D700713FBD /* FirebaseInAppMessagingSwift-Beta */; };
		ECBE7DC02A13D9D700713FBD /* FirebaseInstallations in Frameworks */ = {isa = PBXBuildFile; productRef = ECBE7DBF2A13D9D700713FBD /* FirebaseInstallations */; };
		ECBE7DC22A13D9D700713FBD /* FirebaseMLModelDownloader in Frameworks */ = {isa = PBXBuildFile; productRef = ECBE7DC12A13D9D700713FBD /* FirebaseMLModelDownloader */; };
		ECBE7DC42A13D9D700713FBD /* FirebaseMessaging in Frameworks */ = {isa = PBXBuildFile; productRef = ECBE7DC32A13D9D700713FBD /* FirebaseMessaging */; };
		ECBE7DC62A13D9D700713FBD /* FirebasePerformance in Frameworks */ = {isa = PBXBuildFile; productRef = ECBE7DC52A13D9D700713FBD /* FirebasePerformance */; };
		ECBE7DC82A13D9D700713FBD /* FirebaseRemoteConfig in Frameworks */ = {isa = PBXBuildFile; productRef = ECBE7DC72A13D9D700713FBD /* FirebaseRemoteConfig */; };
		ECBE7DCA2A13D9D700713FBD /* FirebaseRemoteConfigSwift in Frameworks */ = {isa = PBXBuildFile; productRef = ECBE7DC92A13D9D700713FBD /* FirebaseRemoteConfigSwift */; };
		ECBE7DCC2A13D9D700713FBD /* FirebaseStorage in Frameworks */ = {isa = PBXBuildFile; productRef = ECBE7DCB2A13D9D700713FBD /* FirebaseStorage */; };
		ECBE7DCE2A13D9D700713FBD /* FirebaseStorageCombine-Community in Frameworks */ = {isa = PBXBuildFile; productRef = ECBE7DCD2A13D9D700713FBD /* FirebaseStorageCombine-Community */; };
		ECBE7DD02A13DA0A00713FBD /* UserScreen in Resources */ = {isa = PBXBuildFile; fileRef = ECBE7DCF2A13DA0A00713FBD /* UserScreen */; };
/* End PBXBuildFile section */

/* Begin PBXFileReference section */
		179AF90D2A0DC2BC00FA41F3 /* Launch Screen.storyboard */ = {isa = PBXFileReference; lastKnownFileType = file.storyboard; path = "Launch Screen.storyboard"; sourceTree = "<group>"; };
		17BE9C2F2A0950DC0062B6EA /* NewsToDay.app */ = {isa = PBXFileReference; explicitFileType = wrapper.application; includeInIndex = 0; path = NewsToDay.app; sourceTree = BUILT_PRODUCTS_DIR; };
		17BE9C322A0950DC0062B6EA /* AppDelegate.swift */ = {isa = PBXFileReference; lastKnownFileType = sourcecode.swift; path = AppDelegate.swift; sourceTree = "<group>"; };
		17BE9C342A0950DC0062B6EA /* SceneDelegate.swift */ = {isa = PBXFileReference; lastKnownFileType = sourcecode.swift; path = SceneDelegate.swift; sourceTree = "<group>"; };
		17BE9C362A0950DC0062B6EA /* LaunchScreenViewController.swift */ = {isa = PBXFileReference; lastKnownFileType = sourcecode.swift; path = LaunchScreenViewController.swift; sourceTree = "<group>"; };
		17BE9C3B2A0950E50062B6EA /* Assets.xcassets */ = {isa = PBXFileReference; lastKnownFileType = folder.assetcatalog; path = Assets.xcassets; sourceTree = "<group>"; };
		17BE9C402A0950E50062B6EA /* Info.plist */ = {isa = PBXFileReference; lastKnownFileType = text.plist.xml; path = Info.plist; sourceTree = "<group>"; };
		17BE9C4A2A09578B0062B6EA /* Resources.swift */ = {isa = PBXFileReference; lastKnownFileType = sourcecode.swift; path = Resources.swift; sourceTree = "<group>"; };
		573CCA3B2A1255DA00578C37 /* CategoriesOnboardingVC.swift */ = {isa = PBXFileReference; lastKnownFileType = sourcecode.swift; path = CategoriesOnboardingVC.swift; sourceTree = "<group>"; };
		578757452A09659400AC49F3 /* OnboardingViewController.swift */ = {isa = PBXFileReference; fileEncoding = 4; lastKnownFileType = sourcecode.swift; path = OnboardingViewController.swift; sourceTree = "<group>"; };
		5787575A2A0AAFB900AC49F3 /* en */ = {isa = PBXFileReference; lastKnownFileType = text.plist.strings; name = en; path = en.lproj/Localizable.strings; sourceTree = "<group>"; };
		5787575C2A0AAFBE00AC49F3 /* ru */ = {isa = PBXFileReference; lastKnownFileType = text.plist.strings; name = ru; path = ru.lproj/Localizable.strings; sourceTree = "<group>"; };
		5787575D2A0AB01900AC49F3 /* LocalizeExtension.swift */ = {isa = PBXFileReference; lastKnownFileType = sourcecode.swift; path = LocalizeExtension.swift; sourceTree = "<group>"; };
		578757622A0AD82B00AC49F3 /* LanguageViewController.swift */ = {isa = PBXFileReference; lastKnownFileType = sourcecode.swift; path = LanguageViewController.swift; sourceTree = "<group>"; };
		578757652A0AEBD800AC49F3 /* BookmarksViewController.swift */ = {isa = PBXFileReference; fileEncoding = 4; lastKnownFileType = sourcecode.swift; path = BookmarksViewController.swift; sourceTree = "<group>"; };
		57BEFBBC2A0BF51D0073C090 /* TabBar.swift */ = {isa = PBXFileReference; lastKnownFileType = sourcecode.swift; path = TabBar.swift; sourceTree = "<group>"; };
		57BEFC0C2A111B110073C090 /* CategoriesOnCell.swift */ = {isa = PBXFileReference; fileEncoding = 4; lastKnownFileType = sourcecode.swift; path = CategoriesOnCell.swift; sourceTree = "<group>"; };
		57BEFC0D2A111B110073C090 /* CategoriesManager.swift */ = {isa = PBXFileReference; fileEncoding = 4; lastKnownFileType = sourcecode.swift; path = CategoriesManager.swift; sourceTree = "<group>"; };
		57BEFC0E2A111B110073C090 /* CategoriesVC.swift */ = {isa = PBXFileReference; fileEncoding = 4; lastKnownFileType = sourcecode.swift; path = CategoriesVC.swift; sourceTree = "<group>"; };
		57BEFC0F2A111B110073C090 /* CategoriesOnboardingCollection.swift */ = {isa = PBXFileReference; fileEncoding = 4; lastKnownFileType = sourcecode.swift; path = CategoriesOnboardingCollection.swift; sourceTree = "<group>"; };
		68E25F852A0B7E5E002163B3 /* DetailedViewController.swift */ = {isa = PBXFileReference; lastKnownFileType = sourcecode.swift; path = DetailedViewController.swift; sourceTree = "<group>"; };
		68E25F8C2A0BBA2F002163B3 /* Message.swift */ = {isa = PBXFileReference; lastKnownFileType = sourcecode.swift; path = Message.swift; sourceTree = "<group>"; };
		871798382A097999003921BF /* RequestsManager.swift */ = {isa = PBXFileReference; fileEncoding = 4; lastKnownFileType = sourcecode.swift; path = RequestsManager.swift; sourceTree = "<group>"; };
		871798392A097999003921BF /* API.swift */ = {isa = PBXFileReference; fileEncoding = 4; lastKnownFileType = sourcecode.swift; path = API.swift; sourceTree = "<group>"; };
		8717983C2A0979A5003921BF /* NewsModel.swift */ = {isa = PBXFileReference; fileEncoding = 4; lastKnownFileType = sourcecode.swift; path = NewsModel.swift; sourceTree = "<group>"; };
		872963942A1125D10087DB55 /* BookmarksManager.swift */ = {isa = PBXFileReference; fileEncoding = 4; lastKnownFileType = sourcecode.swift; path = BookmarksManager.swift; sourceTree = "<group>"; };
		87679D582A0B6958007BC7C7 /* CategoryCell.swift */ = {isa = PBXFileReference; fileEncoding = 4; lastKnownFileType = sourcecode.swift; path = CategoryCell.swift; sourceTree = "<group>"; };
		87679D592A0B6958007BC7C7 /* NewsCell.swift */ = {isa = PBXFileReference; fileEncoding = 4; lastKnownFileType = sourcecode.swift; path = NewsCell.swift; sourceTree = "<group>"; };
		87679D5A2A0B6958007BC7C7 /* RecommendedCell.swift */ = {isa = PBXFileReference; fileEncoding = 4; lastKnownFileType = sourcecode.swift; path = RecommendedCell.swift; sourceTree = "<group>"; };
		87679D5B2A0B6958007BC7C7 /* MiddleCollectionView.swift */ = {isa = PBXFileReference; fileEncoding = 4; lastKnownFileType = sourcecode.swift; path = MiddleCollectionView.swift; sourceTree = "<group>"; };
		87679D5C2A0B6958007BC7C7 /* RecommendedTableView.swift */ = {isa = PBXFileReference; fileEncoding = 4; lastKnownFileType = sourcecode.swift; path = RecommendedTableView.swift; sourceTree = "<group>"; };
		87679D5D2A0B6958007BC7C7 /* HomeViewController.swift */ = {isa = PBXFileReference; fileEncoding = 4; lastKnownFileType = sourcecode.swift; path = HomeViewController.swift; sourceTree = "<group>"; };
		87679D5E2A0B6958007BC7C7 /* SearchTextField.swift */ = {isa = PBXFileReference; fileEncoding = 4; lastKnownFileType = sourcecode.swift; path = SearchTextField.swift; sourceTree = "<group>"; };
		87679D5F2A0B6958007BC7C7 /* CategoriesCollection.swift */ = {isa = PBXFileReference; fileEncoding = 4; lastKnownFileType = sourcecode.swift; path = CategoriesCollection.swift; sourceTree = "<group>"; };
		87679D682A0BA044007BC7C7 /* BookmarksView.swift */ = {isa = PBXFileReference; lastKnownFileType = sourcecode.swift; path = BookmarksView.swift; sourceTree = "<group>"; };
		87679D6B2A0BAFC0007BC7C7 /* RecommendedViewController.swift */ = {isa = PBXFileReference; lastKnownFileType = sourcecode.swift; path = RecommendedViewController.swift; sourceTree = "<group>"; };
		EC7D696C2A0A5ADB00A502CE /* TermsConditions.swift */ = {isa = PBXFileReference; lastKnownFileType = sourcecode.swift; path = TermsConditions.swift; sourceTree = "<group>"; };
		EC7D696E2A0A5B0F00A502CE /* ConditionsModel.swift */ = {isa = PBXFileReference; lastKnownFileType = sourcecode.swift; path = ConditionsModel.swift; sourceTree = "<group>"; };
		ECBE7D912A13D78E00713FBD /* GoogleService-Info.plist */ = {isa = PBXFileReference; fileEncoding = 4; lastKnownFileType = text.plist.xml; path = "GoogleService-Info.plist"; sourceTree = "<group>"; };
		ECBE7D932A13D7F200713FBD /* AuthenticationManager.swift */ = {isa = PBXFileReference; lastKnownFileType = sourcecode.swift; path = AuthenticationManager.swift; sourceTree = "<group>"; };
		ECBE7DCF2A13DA0A00713FBD /* UserScreen */ = {isa = PBXFileReference; lastKnownFileType = folder; path = UserScreen; sourceTree = "<group>"; };
/* End PBXFileReference section */

/* Begin PBXFrameworksBuildPhase section */
		17BE9C2C2A0950DC0062B6EA /* Frameworks */ = {
			isa = PBXFrameworksBuildPhase;
			buildActionMask = 2147483647;
			files = (
				ECBE7DC42A13D9D700713FBD /* FirebaseMessaging in Frameworks */,
				871798522A097A36003921BF /* Kingfisher in Frameworks */,
				ECBE7DB62A13D9D700713FBD /* FirebaseFirestoreSwift in Frameworks */,
				ECBE7DA02A13D9D700713FBD /* FirebaseAnalyticsWithoutAdIdSupport in Frameworks */,
				ECBE7DB82A13D9D700713FBD /* FirebaseFunctions in Frameworks */,
				871798552A097A50003921BF /* SnapKit in Frameworks */,
				ECBE7D9A2A13D9D700713FBD /* FirebaseAnalytics in Frameworks */,
				ECBE7DA62A13D9D700713FBD /* FirebaseAuth in Frameworks */,
				ECBE7DB02A13D9D700713FBD /* FirebaseDynamicLinks in Frameworks */,
				ECBE7DAA2A13D9D700713FBD /* FirebaseCrashlytics in Frameworks */,
				ECBE7DC22A13D9D700713FBD /* FirebaseMLModelDownloader in Frameworks */,
				ECBE7DAE2A13D9D700713FBD /* FirebaseDatabaseSwift in Frameworks */,
				ECBE7DB22A13D9D700713FBD /* FirebaseFirestore in Frameworks */,
				ECBE7DC02A13D9D700713FBD /* FirebaseInstallations in Frameworks */,
				ECBE7DBA2A13D9D700713FBD /* FirebaseFunctionsCombine-Community in Frameworks */,
				ECBE7DB42A13D9D700713FBD /* FirebaseFirestoreCombine-Community in Frameworks */,
				ECBE7DAC2A13D9D700713FBD /* FirebaseDatabase in Frameworks */,
				ECBE7DC62A13D9D700713FBD /* FirebasePerformance in Frameworks */,
				ECBE7DA22A13D9D700713FBD /* FirebaseAppCheck in Frameworks */,
				ECBE7D9C2A13D9D700713FBD /* FirebaseAnalyticsOnDeviceConversion in Frameworks */,
				ECBE7DBE2A13D9D700713FBD /* FirebaseInAppMessagingSwift-Beta in Frameworks */,
				ECBE7DCA2A13D9D700713FBD /* FirebaseRemoteConfigSwift in Frameworks */,
				ECBE7D9E2A13D9D700713FBD /* FirebaseAnalyticsSwift in Frameworks */,
				ECBE7DA42A13D9D700713FBD /* FirebaseAppDistribution-Beta in Frameworks */,
				ECBE7DC82A13D9D700713FBD /* FirebaseRemoteConfig in Frameworks */,
				ECBE7DCC2A13D9D700713FBD /* FirebaseStorage in Frameworks */,
				ECBE7DA82A13D9D700713FBD /* FirebaseAuthCombine-Community in Frameworks */,
				ECBE7DCE2A13D9D700713FBD /* FirebaseStorageCombine-Community in Frameworks */,
				ECBE7DBC2A13D9D700713FBD /* FirebaseInAppMessaging-Beta in Frameworks */,
			);
			runOnlyForDeploymentPostprocessing = 0;
		};
/* End PBXFrameworksBuildPhase section */

/* Begin PBXGroup section */
		17439FE22A0DBD2B002E286D /* Screens */ = {
			isa = PBXGroup;
			children = (
				87679D572A0B6958007BC7C7 /* Cells */,
				17439FE32A0DBD3A002E286D /* LaunchScreen */,
				17439FE42A0DBD46002E286D /* OnboardingScreen */,
				57BEFC0B2A111B110073C090 /* CategoriesOnboardingScreen */,
				87679D562A0B6958007BC7C7 /* HomeScreen */,
				87679D6A2A0BAF9E007BC7C7 /* RecommendedScreen */,
				578757642A0AEBD700AC49F3 /* BookmarksScreen */,
				68E25F872A0B7F3F002163B3 /* DetailedScreen */,
				ECBE7DCF2A13DA0A00713FBD /* UserScreen */,
				17439FE62A0DBDCE002E286D /* TermsConditionsScreen */,
				17439FE72A0DBDE5002E286D /* LanguageScreen */,
			);
			path = Screens;
			sourceTree = "<group>";
		};
		17439FE32A0DBD3A002E286D /* LaunchScreen */ = {
			isa = PBXGroup;
			children = (
				17BE9C362A0950DC0062B6EA /* LaunchScreenViewController.swift */,
			);
			path = LaunchScreen;
			sourceTree = "<group>";
		};
		17439FE42A0DBD46002E286D /* OnboardingScreen */ = {
			isa = PBXGroup;
			children = (
				578757452A09659400AC49F3 /* OnboardingViewController.swift */,
			);
			path = OnboardingScreen;
			sourceTree = "<group>";
		};
		17439FE62A0DBDCE002E286D /* TermsConditionsScreen */ = {
			isa = PBXGroup;
			children = (
				EC7D696C2A0A5ADB00A502CE /* TermsConditions.swift */,
			);
			path = TermsConditionsScreen;
			sourceTree = "<group>";
		};
		17439FE72A0DBDE5002E286D /* LanguageScreen */ = {
			isa = PBXGroup;
			children = (
				578757622A0AD82B00AC49F3 /* LanguageViewController.swift */,
			);
			path = LanguageScreen;
			sourceTree = "<group>";
		};
		17BE9C262A0950DC0062B6EA = {
			isa = PBXGroup;
			children = (
				17BE9C312A0950DC0062B6EA /* NewsToDay */,
				17BE9C302A0950DC0062B6EA /* Products */,
			);
			sourceTree = "<group>";
		};
		17BE9C302A0950DC0062B6EA /* Products */ = {
			isa = PBXGroup;
			children = (
				17BE9C2F2A0950DC0062B6EA /* NewsToDay.app */,
			);
			name = Products;
			sourceTree = "<group>";
		};
		17BE9C312A0950DC0062B6EA /* NewsToDay */ = {
			isa = PBXGroup;
			children = (
				17BE9C462A09525F0062B6EA /* Application */,
				17BE9C472A0952830062B6EA /* Models */,
				871798372A097999003921BF /* Network */,
				17439FE22A0DBD2B002E286D /* Screens */,
				17BE9C482A0952AD0062B6EA /* TabBar */,
				578757562A0AAF6400AC49F3 /* Localization */,
				17BE9C492A0952D30062B6EA /* Resources */,
			);
			path = NewsToDay;
			sourceTree = "<group>";
		};
		17BE9C462A09525F0062B6EA /* Application */ = {
			isa = PBXGroup;
			children = (
				17BE9C322A0950DC0062B6EA /* AppDelegate.swift */,
				17BE9C342A0950DC0062B6EA /* SceneDelegate.swift */,
			);
			path = Application;
			sourceTree = "<group>";
		};
		17BE9C472A0952830062B6EA /* Models */ = {
			isa = PBXGroup;
			children = (
				8717983C2A0979A5003921BF /* NewsModel.swift */,
				ECBE7D932A13D7F200713FBD /* AuthenticationManager.swift */,
				EC7D696E2A0A5B0F00A502CE /* ConditionsModel.swift */,
				872963942A1125D10087DB55 /* BookmarksManager.swift */,
			);
			path = Models;
			sourceTree = "<group>";
		};
		17BE9C482A0952AD0062B6EA /* TabBar */ = {
			isa = PBXGroup;
			children = (
				57BEFBBC2A0BF51D0073C090 /* TabBar.swift */,
			);
			path = TabBar;
			sourceTree = "<group>";
		};
		17BE9C492A0952D30062B6EA /* Resources */ = {
			isa = PBXGroup;
			children = (
				17BE9C4A2A09578B0062B6EA /* Resources.swift */,
				17BE9C3B2A0950E50062B6EA /* Assets.xcassets */,
				179AF90D2A0DC2BC00FA41F3 /* Launch Screen.storyboard */,
				17BE9C402A0950E50062B6EA /* Info.plist */,
				ECBE7D912A13D78E00713FBD /* GoogleService-Info.plist */,
			);
			path = Resources;
			sourceTree = "<group>";
		};
		578757562A0AAF6400AC49F3 /* Localization */ = {
			isa = PBXGroup;
			children = (
				5787575B2A0AAFB900AC49F3 /* Localizable.strings */,
				5787575D2A0AB01900AC49F3 /* LocalizeExtension.swift */,
			);
			path = Localization;
			sourceTree = "<group>";
		};
		578757642A0AEBD700AC49F3 /* BookmarksScreen */ = {
			isa = PBXGroup;
			children = (
				578757652A0AEBD800AC49F3 /* BookmarksViewController.swift */,
				87679D682A0BA044007BC7C7 /* BookmarksView.swift */,
			);
			path = BookmarksScreen;
			sourceTree = "<group>";
		};
		57BEFC0B2A111B110073C090 /* CategoriesOnboardingScreen */ = {
			isa = PBXGroup;
			children = (
				57BEFC0C2A111B110073C090 /* CategoriesOnCell.swift */,
				57BEFC0D2A111B110073C090 /* CategoriesManager.swift */,
				57BEFC0E2A111B110073C090 /* CategoriesVC.swift */,
				573CCA3B2A1255DA00578C37 /* CategoriesOnboardingVC.swift */,
				57BEFC0F2A111B110073C090 /* CategoriesOnboardingCollection.swift */,
			);
			name = CategoriesOnboardingScreen;
			path = NewsToDay/Screens/CategoriesOnboardingScreen;
			sourceTree = SOURCE_ROOT;
		};
		68E25F872A0B7F3F002163B3 /* DetailedScreen */ = {
			isa = PBXGroup;
			children = (
				68E25F852A0B7E5E002163B3 /* DetailedViewController.swift */,
				68E25F8C2A0BBA2F002163B3 /* Message.swift */,
			);
			path = DetailedScreen;
			sourceTree = "<group>";
		};
		871798372A097999003921BF /* Network */ = {
			isa = PBXGroup;
			children = (
				871798382A097999003921BF /* RequestsManager.swift */,
				871798392A097999003921BF /* API.swift */,
			);
			path = Network;
			sourceTree = "<group>";
		};
		87679D562A0B6958007BC7C7 /* HomeScreen */ = {
			isa = PBXGroup;
			children = (
				87679D5D2A0B6958007BC7C7 /* HomeViewController.swift */,
				87679D5B2A0B6958007BC7C7 /* MiddleCollectionView.swift */,
				87679D5C2A0B6958007BC7C7 /* RecommendedTableView.swift */,
				87679D5E2A0B6958007BC7C7 /* SearchTextField.swift */,
				87679D5F2A0B6958007BC7C7 /* CategoriesCollection.swift */,
			);
			path = HomeScreen;
			sourceTree = "<group>";
		};
		87679D572A0B6958007BC7C7 /* Cells */ = {
			isa = PBXGroup;
			children = (
				87679D582A0B6958007BC7C7 /* CategoryCell.swift */,
				87679D592A0B6958007BC7C7 /* NewsCell.swift */,
				87679D5A2A0B6958007BC7C7 /* RecommendedCell.swift */,
			);
			path = Cells;
			sourceTree = "<group>";
		};
		87679D6A2A0BAF9E007BC7C7 /* RecommendedScreen */ = {
			isa = PBXGroup;
			children = (
				87679D6B2A0BAFC0007BC7C7 /* RecommendedViewController.swift */,
			);
			path = RecommendedScreen;
			sourceTree = "<group>";
		};
/* End PBXGroup section */

/* Begin PBXNativeTarget section */
		17BE9C2E2A0950DC0062B6EA /* NewsToDay */ = {
			isa = PBXNativeTarget;
			buildConfigurationList = 17BE9C432A0950E50062B6EA /* Build configuration list for PBXNativeTarget "NewsToDay" */;
			buildPhases = (
				17BE9C2B2A0950DC0062B6EA /* Sources */,
				17BE9C2C2A0950DC0062B6EA /* Frameworks */,
				17BE9C2D2A0950DC0062B6EA /* Resources */,
			);
			buildRules = (
			);
			dependencies = (
			);
			name = NewsToDay;
			packageProductDependencies = (
				871798512A097A36003921BF /* Kingfisher */,
				871798542A097A50003921BF /* SnapKit */,
				ECBE7D992A13D9D700713FBD /* FirebaseAnalytics */,
				ECBE7D9B2A13D9D700713FBD /* FirebaseAnalyticsOnDeviceConversion */,
				ECBE7D9D2A13D9D700713FBD /* FirebaseAnalyticsSwift */,
				ECBE7D9F2A13D9D700713FBD /* FirebaseAnalyticsWithoutAdIdSupport */,
				ECBE7DA12A13D9D700713FBD /* FirebaseAppCheck */,
				ECBE7DA32A13D9D700713FBD /* FirebaseAppDistribution-Beta */,
				ECBE7DA52A13D9D700713FBD /* FirebaseAuth */,
				ECBE7DA72A13D9D700713FBD /* FirebaseAuthCombine-Community */,
				ECBE7DA92A13D9D700713FBD /* FirebaseCrashlytics */,
				ECBE7DAB2A13D9D700713FBD /* FirebaseDatabase */,
				ECBE7DAD2A13D9D700713FBD /* FirebaseDatabaseSwift */,
				ECBE7DAF2A13D9D700713FBD /* FirebaseDynamicLinks */,
				ECBE7DB12A13D9D700713FBD /* FirebaseFirestore */,
				ECBE7DB32A13D9D700713FBD /* FirebaseFirestoreCombine-Community */,
				ECBE7DB52A13D9D700713FBD /* FirebaseFirestoreSwift */,
				ECBE7DB72A13D9D700713FBD /* FirebaseFunctions */,
				ECBE7DB92A13D9D700713FBD /* FirebaseFunctionsCombine-Community */,
				ECBE7DBB2A13D9D700713FBD /* FirebaseInAppMessaging-Beta */,
				ECBE7DBD2A13D9D700713FBD /* FirebaseInAppMessagingSwift-Beta */,
				ECBE7DBF2A13D9D700713FBD /* FirebaseInstallations */,
				ECBE7DC12A13D9D700713FBD /* FirebaseMLModelDownloader */,
				ECBE7DC32A13D9D700713FBD /* FirebaseMessaging */,
				ECBE7DC52A13D9D700713FBD /* FirebasePerformance */,
				ECBE7DC72A13D9D700713FBD /* FirebaseRemoteConfig */,
				ECBE7DC92A13D9D700713FBD /* FirebaseRemoteConfigSwift */,
				ECBE7DCB2A13D9D700713FBD /* FirebaseStorage */,
				ECBE7DCD2A13D9D700713FBD /* FirebaseStorageCombine-Community */,
			);
			productName = NewsToDay;
			productReference = 17BE9C2F2A0950DC0062B6EA /* NewsToDay.app */;
			productType = "com.apple.product-type.application";
		};
/* End PBXNativeTarget section */

/* Begin PBXProject section */
		17BE9C272A0950DC0062B6EA /* Project object */ = {
			isa = PBXProject;
			attributes = {
				BuildIndependentTargetsInParallel = 1;
				LastSwiftUpdateCheck = 1400;
				LastUpgradeCheck = 1430;
				TargetAttributes = {
					17BE9C2E2A0950DC0062B6EA = {
						CreatedOnToolsVersion = 14.0.1;
					};
				};
			};
			buildConfigurationList = 17BE9C2A2A0950DC0062B6EA /* Build configuration list for PBXProject "NewsToDay" */;
			compatibilityVersion = "Xcode 13.0";
			developmentRegion = en;
			hasScannedForEncodings = 0;
			knownRegions = (
				en,
				ru,
				Base,
			);
			mainGroup = 17BE9C262A0950DC0062B6EA;
			packageReferences = (
				871798502A097A36003921BF /* XCRemoteSwiftPackageReference "Kingfisher" */,
				871798532A097A50003921BF /* XCRemoteSwiftPackageReference "SnapKit" */,
				ECBE7D982A13D9D700713FBD /* XCRemoteSwiftPackageReference "firebase-ios-sdk" */,
			);
			productRefGroup = 17BE9C302A0950DC0062B6EA /* Products */;
			projectDirPath = "";
			projectRoot = "";
			targets = (
				17BE9C2E2A0950DC0062B6EA /* NewsToDay */,
			);
		};
/* End PBXProject section */

/* Begin PBXResourcesBuildPhase section */
		17BE9C2D2A0950DC0062B6EA /* Resources */ = {
			isa = PBXResourcesBuildPhase;
			buildActionMask = 2147483647;
			files = (
				179AF90E2A0DC2BC00FA41F3 /* Launch Screen.storyboard in Resources */,
				17BE9C3C2A0950E50062B6EA /* Assets.xcassets in Resources */,
				ECBE7D922A13D78E00713FBD /* GoogleService-Info.plist in Resources */,
				578757592A0AAFB900AC49F3 /* Localizable.strings in Resources */,
				ECBE7DD02A13DA0A00713FBD /* UserScreen in Resources */,
			);
			runOnlyForDeploymentPostprocessing = 0;
		};
/* End PBXResourcesBuildPhase section */

/* Begin PBXSourcesBuildPhase section */
		17BE9C2B2A0950DC0062B6EA /* Sources */ = {
			isa = PBXSourcesBuildPhase;
			buildActionMask = 2147483647;
			files = (
				57BEFC102A111B110073C090 /* CategoriesOnCell.swift in Sources */,
				57BEFBBD2A0BF51D0073C090 /* TabBar.swift in Sources */,
				68E25F862A0B7E5E002163B3 /* DetailedViewController.swift in Sources */,
				57BEFC132A111B110073C090 /* CategoriesOnboardingCollection.swift in Sources */,
				8717983D2A0979A5003921BF /* NewsModel.swift in Sources */,
				87679D622A0B6958007BC7C7 /* RecommendedCell.swift in Sources */,
				17BE9C372A0950DC0062B6EA /* LaunchScreenViewController.swift in Sources */,
				17BE9C4B2A09578B0062B6EA /* Resources.swift in Sources */,
				87679D6C2A0BAFC0007BC7C7 /* RecommendedViewController.swift in Sources */,
				87679D692A0BA044007BC7C7 /* BookmarksView.swift in Sources */,
				EC7D696F2A0A5B0F00A502CE /* ConditionsModel.swift in Sources */,
				578757632A0AD82B00AC49F3 /* LanguageViewController.swift in Sources */,
				578757662A0AEBD800AC49F3 /* BookmarksViewController.swift in Sources */,
				87679D632A0B6958007BC7C7 /* MiddleCollectionView.swift in Sources */,
				87679D612A0B6958007BC7C7 /* NewsCell.swift in Sources */,
				578757462A09659400AC49F3 /* OnboardingViewController.swift in Sources */,
				87679D662A0B6958007BC7C7 /* SearchTextField.swift in Sources */,
				8717983A2A097999003921BF /* RequestsManager.swift in Sources */,
				87679D672A0B6958007BC7C7 /* CategoriesCollection.swift in Sources */,
				87679D642A0B6958007BC7C7 /* RecommendedTableView.swift in Sources */,
				872963952A1125D10087DB55 /* BookmarksManager.swift in Sources */,
				17BE9C332A0950DC0062B6EA /* AppDelegate.swift in Sources */,
				57BEFC122A111B110073C090 /* CategoriesVC.swift in Sources */,
				EC7D696D2A0A5ADB00A502CE /* TermsConditions.swift in Sources */,
				ECBE7D942A13D7F200713FBD /* AuthenticationManager.swift in Sources */,
				87679D652A0B6958007BC7C7 /* HomeViewController.swift in Sources */,
				573CCA3C2A1255DA00578C37 /* CategoriesOnboardingVC.swift in Sources */,
				5787575E2A0AB01900AC49F3 /* LocalizeExtension.swift in Sources */,
				57BEFC112A111B110073C090 /* CategoriesManager.swift in Sources */,
				17BE9C352A0950DC0062B6EA /* SceneDelegate.swift in Sources */,
				68E25F8D2A0BBA2F002163B3 /* Message.swift in Sources */,
				8717983B2A097999003921BF /* API.swift in Sources */,
				87679D602A0B6958007BC7C7 /* CategoryCell.swift in Sources */,
			);
			runOnlyForDeploymentPostprocessing = 0;
		};
/* End PBXSourcesBuildPhase section */

/* Begin PBXVariantGroup section */
		5787575B2A0AAFB900AC49F3 /* Localizable.strings */ = {
			isa = PBXVariantGroup;
			children = (
				5787575A2A0AAFB900AC49F3 /* en */,
				5787575C2A0AAFBE00AC49F3 /* ru */,
			);
			name = Localizable.strings;
			sourceTree = "<group>";
		};
/* End PBXVariantGroup section */

/* Begin XCBuildConfiguration section */
		17BE9C412A0950E50062B6EA /* Debug */ = {
			isa = XCBuildConfiguration;
			buildSettings = {
				ALWAYS_SEARCH_USER_PATHS = NO;
				CLANG_ANALYZER_LOCALIZABILITY_NONLOCALIZED = YES;
				CLANG_ANALYZER_NONNULL = YES;
				CLANG_ANALYZER_NUMBER_OBJECT_CONVERSION = YES_AGGRESSIVE;
				CLANG_CXX_LANGUAGE_STANDARD = "gnu++20";
				CLANG_ENABLE_MODULES = YES;
				CLANG_ENABLE_OBJC_ARC = YES;
				CLANG_ENABLE_OBJC_WEAK = YES;
				CLANG_WARN_BLOCK_CAPTURE_AUTORELEASING = YES;
				CLANG_WARN_BOOL_CONVERSION = YES;
				CLANG_WARN_COMMA = YES;
				CLANG_WARN_CONSTANT_CONVERSION = YES;
				CLANG_WARN_DEPRECATED_OBJC_IMPLEMENTATIONS = YES;
				CLANG_WARN_DIRECT_OBJC_ISA_USAGE = YES_ERROR;
				CLANG_WARN_DOCUMENTATION_COMMENTS = YES;
				CLANG_WARN_EMPTY_BODY = YES;
				CLANG_WARN_ENUM_CONVERSION = YES;
				CLANG_WARN_INFINITE_RECURSION = YES;
				CLANG_WARN_INT_CONVERSION = YES;
				CLANG_WARN_NON_LITERAL_NULL_CONVERSION = YES;
				CLANG_WARN_OBJC_IMPLICIT_RETAIN_SELF = YES;
				CLANG_WARN_OBJC_LITERAL_CONVERSION = YES;
				CLANG_WARN_OBJC_ROOT_CLASS = YES_ERROR;
				CLANG_WARN_QUOTED_INCLUDE_IN_FRAMEWORK_HEADER = YES;
				CLANG_WARN_RANGE_LOOP_ANALYSIS = YES;
				CLANG_WARN_STRICT_PROTOTYPES = YES;
				CLANG_WARN_SUSPICIOUS_MOVE = YES;
				CLANG_WARN_UNGUARDED_AVAILABILITY = YES_AGGRESSIVE;
				CLANG_WARN_UNREACHABLE_CODE = YES;
				CLANG_WARN__DUPLICATE_METHOD_MATCH = YES;
				COPY_PHASE_STRIP = NO;
				DEBUG_INFORMATION_FORMAT = dwarf;
				ENABLE_STRICT_OBJC_MSGSEND = YES;
				ENABLE_TESTABILITY = YES;
				GCC_C_LANGUAGE_STANDARD = gnu11;
				GCC_DYNAMIC_NO_PIC = NO;
				GCC_NO_COMMON_BLOCKS = YES;
				GCC_OPTIMIZATION_LEVEL = 0;
				GCC_PREPROCESSOR_DEFINITIONS = (
					"DEBUG=1",
					"$(inherited)",
				);
				GCC_WARN_64_TO_32_BIT_CONVERSION = YES;
				GCC_WARN_ABOUT_RETURN_TYPE = YES_ERROR;
				GCC_WARN_UNDECLARED_SELECTOR = YES;
				GCC_WARN_UNINITIALIZED_AUTOS = YES_AGGRESSIVE;
				GCC_WARN_UNUSED_FUNCTION = YES;
				GCC_WARN_UNUSED_VARIABLE = YES;
				IPHONEOS_DEPLOYMENT_TARGET = 16.0;
				MTL_ENABLE_DEBUG_INFO = INCLUDE_SOURCE;
				MTL_FAST_MATH = YES;
				ONLY_ACTIVE_ARCH = YES;
				SDKROOT = iphoneos;
				SWIFT_ACTIVE_COMPILATION_CONDITIONS = DEBUG;
				SWIFT_OPTIMIZATION_LEVEL = "-Onone";
			};
			name = Debug;
		};
		17BE9C422A0950E50062B6EA /* Release */ = {
			isa = XCBuildConfiguration;
			buildSettings = {
				ALWAYS_SEARCH_USER_PATHS = NO;
				CLANG_ANALYZER_LOCALIZABILITY_NONLOCALIZED = YES;
				CLANG_ANALYZER_NONNULL = YES;
				CLANG_ANALYZER_NUMBER_OBJECT_CONVERSION = YES_AGGRESSIVE;
				CLANG_CXX_LANGUAGE_STANDARD = "gnu++20";
				CLANG_ENABLE_MODULES = YES;
				CLANG_ENABLE_OBJC_ARC = YES;
				CLANG_ENABLE_OBJC_WEAK = YES;
				CLANG_WARN_BLOCK_CAPTURE_AUTORELEASING = YES;
				CLANG_WARN_BOOL_CONVERSION = YES;
				CLANG_WARN_COMMA = YES;
				CLANG_WARN_CONSTANT_CONVERSION = YES;
				CLANG_WARN_DEPRECATED_OBJC_IMPLEMENTATIONS = YES;
				CLANG_WARN_DIRECT_OBJC_ISA_USAGE = YES_ERROR;
				CLANG_WARN_DOCUMENTATION_COMMENTS = YES;
				CLANG_WARN_EMPTY_BODY = YES;
				CLANG_WARN_ENUM_CONVERSION = YES;
				CLANG_WARN_INFINITE_RECURSION = YES;
				CLANG_WARN_INT_CONVERSION = YES;
				CLANG_WARN_NON_LITERAL_NULL_CONVERSION = YES;
				CLANG_WARN_OBJC_IMPLICIT_RETAIN_SELF = YES;
				CLANG_WARN_OBJC_LITERAL_CONVERSION = YES;
				CLANG_WARN_OBJC_ROOT_CLASS = YES_ERROR;
				CLANG_WARN_QUOTED_INCLUDE_IN_FRAMEWORK_HEADER = YES;
				CLANG_WARN_RANGE_LOOP_ANALYSIS = YES;
				CLANG_WARN_STRICT_PROTOTYPES = YES;
				CLANG_WARN_SUSPICIOUS_MOVE = YES;
				CLANG_WARN_UNGUARDED_AVAILABILITY = YES_AGGRESSIVE;
				CLANG_WARN_UNREACHABLE_CODE = YES;
				CLANG_WARN__DUPLICATE_METHOD_MATCH = YES;
				COPY_PHASE_STRIP = NO;
				DEBUG_INFORMATION_FORMAT = "dwarf-with-dsym";
				ENABLE_NS_ASSERTIONS = NO;
				ENABLE_STRICT_OBJC_MSGSEND = YES;
				GCC_C_LANGUAGE_STANDARD = gnu11;
				GCC_NO_COMMON_BLOCKS = YES;
				GCC_WARN_64_TO_32_BIT_CONVERSION = YES;
				GCC_WARN_ABOUT_RETURN_TYPE = YES_ERROR;
				GCC_WARN_UNDECLARED_SELECTOR = YES;
				GCC_WARN_UNINITIALIZED_AUTOS = YES_AGGRESSIVE;
				GCC_WARN_UNUSED_FUNCTION = YES;
				GCC_WARN_UNUSED_VARIABLE = YES;
				IPHONEOS_DEPLOYMENT_TARGET = 16.0;
				MTL_ENABLE_DEBUG_INFO = NO;
				MTL_FAST_MATH = YES;
				SDKROOT = iphoneos;
				SWIFT_COMPILATION_MODE = wholemodule;
				SWIFT_OPTIMIZATION_LEVEL = "-O";
				VALIDATE_PRODUCT = YES;
			};
			name = Release;
		};
		17BE9C442A0950E50062B6EA /* Debug */ = {
			isa = XCBuildConfiguration;
			buildSettings = {
				ASSETCATALOG_COMPILER_APPICON_NAME = AppIcon;
				ASSETCATALOG_COMPILER_GLOBAL_ACCENT_COLOR_NAME = AccentColor;
				CODE_SIGN_STYLE = Automatic;
				CURRENT_PROJECT_VERSION = 1;
				DEVELOPMENT_TEAM = 3J42942YG2;
				GENERATE_INFOPLIST_FILE = YES;
				INFOPLIST_FILE = NewsToDay/Resources/Info.plist;
				INFOPLIST_KEY_UIApplicationSupportsIndirectInputEvents = YES;
				INFOPLIST_KEY_UILaunchStoryboardName = "Launch Screen.storyboard";
				INFOPLIST_KEY_UISupportedInterfaceOrientations = UIInterfaceOrientationPortrait;
				INFOPLIST_KEY_UISupportedInterfaceOrientations_iPad = "UIInterfaceOrientationLandscapeLeft UIInterfaceOrientationLandscapeRight UIInterfaceOrientationPortrait UIInterfaceOrientationPortraitUpsideDown";
				IPHONEOS_DEPLOYMENT_TARGET = 15.0;
				LD_RUNPATH_SEARCH_PATHS = (
					"$(inherited)",
					"@executable_path/Frameworks",
				);
				MARKETING_VERSION = 1.0;
				PRODUCT_BUNDLE_IDENTIFIER = com.kheladzedev.NewsToDay;
				PRODUCT_NAME = "$(TARGET_NAME)";
				SUPPORTED_PLATFORMS = "iphoneos iphonesimulator";
				SUPPORTS_MACCATALYST = NO;
				SUPPORTS_MAC_DESIGNED_FOR_IPHONE_IPAD = NO;
				SWIFT_EMIT_LOC_STRINGS = YES;
				SWIFT_VERSION = 5.0;
				TARGETED_DEVICE_FAMILY = 1;
			};
			name = Debug;
		};
		17BE9C452A0950E50062B6EA /* Release */ = {
			isa = XCBuildConfiguration;
			buildSettings = {
				ASSETCATALOG_COMPILER_APPICON_NAME = AppIcon;
				ASSETCATALOG_COMPILER_GLOBAL_ACCENT_COLOR_NAME = AccentColor;
				CODE_SIGN_STYLE = Automatic;
				CURRENT_PROJECT_VERSION = 1;
				DEVELOPMENT_TEAM = 3J42942YG2;
				GENERATE_INFOPLIST_FILE = YES;
				INFOPLIST_FILE = NewsToDay/Resources/Info.plist;
				INFOPLIST_KEY_UIApplicationSupportsIndirectInputEvents = YES;
				INFOPLIST_KEY_UILaunchStoryboardName = "Launch Screen.storyboard";
				INFOPLIST_KEY_UISupportedInterfaceOrientations = UIInterfaceOrientationPortrait;
				INFOPLIST_KEY_UISupportedInterfaceOrientations_iPad = "UIInterfaceOrientationLandscapeLeft UIInterfaceOrientationLandscapeRight UIInterfaceOrientationPortrait UIInterfaceOrientationPortraitUpsideDown";
				IPHONEOS_DEPLOYMENT_TARGET = 15.0;
				LD_RUNPATH_SEARCH_PATHS = (
					"$(inherited)",
					"@executable_path/Frameworks",
				);
				MARKETING_VERSION = 1.0;
				PRODUCT_BUNDLE_IDENTIFIER = com.kheladzedev.NewsToDay;
				PRODUCT_NAME = "$(TARGET_NAME)";
				SUPPORTED_PLATFORMS = "iphoneos iphonesimulator";
				SUPPORTS_MACCATALYST = NO;
				SUPPORTS_MAC_DESIGNED_FOR_IPHONE_IPAD = NO;
				SWIFT_EMIT_LOC_STRINGS = YES;
				SWIFT_VERSION = 5.0;
				TARGETED_DEVICE_FAMILY = 1;
			};
			name = Release;
		};
/* End XCBuildConfiguration section */

/* Begin XCConfigurationList section */
		17BE9C2A2A0950DC0062B6EA /* Build configuration list for PBXProject "NewsToDay" */ = {
			isa = XCConfigurationList;
			buildConfigurations = (
				17BE9C412A0950E50062B6EA /* Debug */,
				17BE9C422A0950E50062B6EA /* Release */,
			);
			defaultConfigurationIsVisible = 0;
			defaultConfigurationName = Release;
		};
		17BE9C432A0950E50062B6EA /* Build configuration list for PBXNativeTarget "NewsToDay" */ = {
			isa = XCConfigurationList;
			buildConfigurations = (
				17BE9C442A0950E50062B6EA /* Debug */,
				17BE9C452A0950E50062B6EA /* Release */,
			);
			defaultConfigurationIsVisible = 0;
			defaultConfigurationName = Release;
		};
/* End XCConfigurationList section */

/* Begin XCRemoteSwiftPackageReference section */
		871798502A097A36003921BF /* XCRemoteSwiftPackageReference "Kingfisher" */ = {
			isa = XCRemoteSwiftPackageReference;
			repositoryURL = "https://github.com/onevcat/Kingfisher.git";
			requirement = {
				kind = upToNextMajorVersion;
				minimumVersion = 7.0.0;
			};
		};
		871798532A097A50003921BF /* XCRemoteSwiftPackageReference "SnapKit" */ = {
			isa = XCRemoteSwiftPackageReference;
			repositoryURL = "https://github.com/SnapKit/SnapKit.git";
			requirement = {
				kind = upToNextMajorVersion;
				minimumVersion = 5.0.0;
			};
		};
		ECBE7D982A13D9D700713FBD /* XCRemoteSwiftPackageReference "firebase-ios-sdk" */ = {
			isa = XCRemoteSwiftPackageReference;
			repositoryURL = "https://github.com/firebase/firebase-ios-sdk";
			requirement = {
				kind = upToNextMajorVersion;
				minimumVersion = 10.0.0;
			};
		};
/* End XCRemoteSwiftPackageReference section */

/* Begin XCSwiftPackageProductDependency section */
		871798512A097A36003921BF /* Kingfisher */ = {
			isa = XCSwiftPackageProductDependency;
			package = 871798502A097A36003921BF /* XCRemoteSwiftPackageReference "Kingfisher" */;
			productName = Kingfisher;
		};
		871798542A097A50003921BF /* SnapKit */ = {
			isa = XCSwiftPackageProductDependency;
			package = 871798532A097A50003921BF /* XCRemoteSwiftPackageReference "SnapKit" */;
			productName = SnapKit;
		};
		ECBE7D992A13D9D700713FBD /* FirebaseAnalytics */ = {
			isa = XCSwiftPackageProductDependency;
			package = ECBE7D982A13D9D700713FBD /* XCRemoteSwiftPackageReference "firebase-ios-sdk" */;
			productName = FirebaseAnalytics;
		};
		ECBE7D9B2A13D9D700713FBD /* FirebaseAnalyticsOnDeviceConversion */ = {
			isa = XCSwiftPackageProductDependency;
			package = ECBE7D982A13D9D700713FBD /* XCRemoteSwiftPackageReference "firebase-ios-sdk" */;
			productName = FirebaseAnalyticsOnDeviceConversion;
		};
		ECBE7D9D2A13D9D700713FBD /* FirebaseAnalyticsSwift */ = {
			isa = XCSwiftPackageProductDependency;
			package = ECBE7D982A13D9D700713FBD /* XCRemoteSwiftPackageReference "firebase-ios-sdk" */;
			productName = FirebaseAnalyticsSwift;
		};
		ECBE7D9F2A13D9D700713FBD /* FirebaseAnalyticsWithoutAdIdSupport */ = {
			isa = XCSwiftPackageProductDependency;
			package = ECBE7D982A13D9D700713FBD /* XCRemoteSwiftPackageReference "firebase-ios-sdk" */;
			productName = FirebaseAnalyticsWithoutAdIdSupport;
		};
		ECBE7DA12A13D9D700713FBD /* FirebaseAppCheck */ = {
			isa = XCSwiftPackageProductDependency;
			package = ECBE7D982A13D9D700713FBD /* XCRemoteSwiftPackageReference "firebase-ios-sdk" */;
			productName = FirebaseAppCheck;
		};
		ECBE7DA32A13D9D700713FBD /* FirebaseAppDistribution-Beta */ = {
			isa = XCSwiftPackageProductDependency;
			package = ECBE7D982A13D9D700713FBD /* XCRemoteSwiftPackageReference "firebase-ios-sdk" */;
			productName = "FirebaseAppDistribution-Beta";
		};
		ECBE7DA52A13D9D700713FBD /* FirebaseAuth */ = {
			isa = XCSwiftPackageProductDependency;
			package = ECBE7D982A13D9D700713FBD /* XCRemoteSwiftPackageReference "firebase-ios-sdk" */;
			productName = FirebaseAuth;
		};
		ECBE7DA72A13D9D700713FBD /* FirebaseAuthCombine-Community */ = {
			isa = XCSwiftPackageProductDependency;
			package = ECBE7D982A13D9D700713FBD /* XCRemoteSwiftPackageReference "firebase-ios-sdk" */;
			productName = "FirebaseAuthCombine-Community";
		};
		ECBE7DA92A13D9D700713FBD /* FirebaseCrashlytics */ = {
			isa = XCSwiftPackageProductDependency;
			package = ECBE7D982A13D9D700713FBD /* XCRemoteSwiftPackageReference "firebase-ios-sdk" */;
			productName = FirebaseCrashlytics;
		};
		ECBE7DAB2A13D9D700713FBD /* FirebaseDatabase */ = {
			isa = XCSwiftPackageProductDependency;
			package = ECBE7D982A13D9D700713FBD /* XCRemoteSwiftPackageReference "firebase-ios-sdk" */;
			productName = FirebaseDatabase;
		};
		ECBE7DAD2A13D9D700713FBD /* FirebaseDatabaseSwift */ = {
			isa = XCSwiftPackageProductDependency;
			package = ECBE7D982A13D9D700713FBD /* XCRemoteSwiftPackageReference "firebase-ios-sdk" */;
			productName = FirebaseDatabaseSwift;
		};
		ECBE7DAF2A13D9D700713FBD /* FirebaseDynamicLinks */ = {
			isa = XCSwiftPackageProductDependency;
			package = ECBE7D982A13D9D700713FBD /* XCRemoteSwiftPackageReference "firebase-ios-sdk" */;
			productName = FirebaseDynamicLinks;
		};
		ECBE7DB12A13D9D700713FBD /* FirebaseFirestore */ = {
			isa = XCSwiftPackageProductDependency;
			package = ECBE7D982A13D9D700713FBD /* XCRemoteSwiftPackageReference "firebase-ios-sdk" */;
			productName = FirebaseFirestore;
		};
		ECBE7DB32A13D9D700713FBD /* FirebaseFirestoreCombine-Community */ = {
			isa = XCSwiftPackageProductDependency;
			package = ECBE7D982A13D9D700713FBD /* XCRemoteSwiftPackageReference "firebase-ios-sdk" */;
			productName = "FirebaseFirestoreCombine-Community";
		};
		ECBE7DB52A13D9D700713FBD /* FirebaseFirestoreSwift */ = {
			isa = XCSwiftPackageProductDependency;
			package = ECBE7D982A13D9D700713FBD /* XCRemoteSwiftPackageReference "firebase-ios-sdk" */;
			productName = FirebaseFirestoreSwift;
		};
		ECBE7DB72A13D9D700713FBD /* FirebaseFunctions */ = {
			isa = XCSwiftPackageProductDependency;
			package = ECBE7D982A13D9D700713FBD /* XCRemoteSwiftPackageReference "firebase-ios-sdk" */;
			productName = FirebaseFunctions;
		};
		ECBE7DB92A13D9D700713FBD /* FirebaseFunctionsCombine-Community */ = {
			isa = XCSwiftPackageProductDependency;
			package = ECBE7D982A13D9D700713FBD /* XCRemoteSwiftPackageReference "firebase-ios-sdk" */;
			productName = "FirebaseFunctionsCombine-Community";
		};
		ECBE7DBB2A13D9D700713FBD /* FirebaseInAppMessaging-Beta */ = {
			isa = XCSwiftPackageProductDependency;
			package = ECBE7D982A13D9D700713FBD /* XCRemoteSwiftPackageReference "firebase-ios-sdk" */;
			productName = "FirebaseInAppMessaging-Beta";
		};
		ECBE7DBD2A13D9D700713FBD /* FirebaseInAppMessagingSwift-Beta */ = {
			isa = XCSwiftPackageProductDependency;
			package = ECBE7D982A13D9D700713FBD /* XCRemoteSwiftPackageReference "firebase-ios-sdk" */;
			productName = "FirebaseInAppMessagingSwift-Beta";
		};
		ECBE7DBF2A13D9D700713FBD /* FirebaseInstallations */ = {
			isa = XCSwiftPackageProductDependency;
			package = ECBE7D982A13D9D700713FBD /* XCRemoteSwiftPackageReference "firebase-ios-sdk" */;
			productName = FirebaseInstallations;
		};
		ECBE7DC12A13D9D700713FBD /* FirebaseMLModelDownloader */ = {
			isa = XCSwiftPackageProductDependency;
			package = ECBE7D982A13D9D700713FBD /* XCRemoteSwiftPackageReference "firebase-ios-sdk" */;
			productName = FirebaseMLModelDownloader;
		};
		ECBE7DC32A13D9D700713FBD /* FirebaseMessaging */ = {
			isa = XCSwiftPackageProductDependency;
			package = ECBE7D982A13D9D700713FBD /* XCRemoteSwiftPackageReference "firebase-ios-sdk" */;
			productName = FirebaseMessaging;
		};
		ECBE7DC52A13D9D700713FBD /* FirebasePerformance */ = {
			isa = XCSwiftPackageProductDependency;
			package = ECBE7D982A13D9D700713FBD /* XCRemoteSwiftPackageReference "firebase-ios-sdk" */;
			productName = FirebasePerformance;
		};
		ECBE7DC72A13D9D700713FBD /* FirebaseRemoteConfig */ = {
			isa = XCSwiftPackageProductDependency;
			package = ECBE7D982A13D9D700713FBD /* XCRemoteSwiftPackageReference "firebase-ios-sdk" */;
			productName = FirebaseRemoteConfig;
		};
		ECBE7DC92A13D9D700713FBD /* FirebaseRemoteConfigSwift */ = {
			isa = XCSwiftPackageProductDependency;
			package = ECBE7D982A13D9D700713FBD /* XCRemoteSwiftPackageReference "firebase-ios-sdk" */;
			productName = FirebaseRemoteConfigSwift;
		};
		ECBE7DCB2A13D9D700713FBD /* FirebaseStorage */ = {
			isa = XCSwiftPackageProductDependency;
			package = ECBE7D982A13D9D700713FBD /* XCRemoteSwiftPackageReference "firebase-ios-sdk" */;
			productName = FirebaseStorage;
		};
		ECBE7DCD2A13D9D700713FBD /* FirebaseStorageCombine-Community */ = {
			isa = XCSwiftPackageProductDependency;
			package = ECBE7D982A13D9D700713FBD /* XCRemoteSwiftPackageReference "firebase-ios-sdk" */;
			productName = "FirebaseStorageCombine-Community";
		};
/* End XCSwiftPackageProductDependency section */
	};
	rootObject = 17BE9C272A0950DC0062B6EA /* Project object */;
}
